// !$*UTF8*$!
{
	archiveVersion = 1;
	classes = {
	};
	objectVersion = 48;
	objects = {

/* Begin PBXBuildFile section */
		9F53C86A200897C500993BFC /* AppDelegate.m in Sources */ = {isa = PBXBuildFile; fileRef = 9F53C869200897C500993BFC /* AppDelegate.m */; };
		9F53C86D200897C500993BFC /* ViewController.m in Sources */ = {isa = PBXBuildFile; fileRef = 9F53C86C200897C500993BFC /* ViewController.m */; };
		9F53C870200897C500993BFC /* Main.storyboard in Resources */ = {isa = PBXBuildFile; fileRef = 9F53C86E200897C500993BFC /* Main.storyboard */; };
		9F53C873200897C500993BFC /* UserEvent.xcdatamodeld in Sources */ = {isa = PBXBuildFile; fileRef = 9F53C871200897C500993BFC /* UserEvent.xcdatamodeld */; };
		9F53C875200897C500993BFC /* Assets.xcassets in Resources */ = {isa = PBXBuildFile; fileRef = 9F53C874200897C500993BFC /* Assets.xcassets */; };
		9F53C878200897C500993BFC /* LaunchScreen.storyboard in Resources */ = {isa = PBXBuildFile; fileRef = 9F53C876200897C500993BFC /* LaunchScreen.storyboard */; };
		9F53C87B200897C500993BFC /* main.m in Sources */ = {isa = PBXBuildFile; fileRef = 9F53C87A200897C500993BFC /* main.m */; };
		9F53C885200897C500993BFC /* UserEventTests.m in Sources */ = {isa = PBXBuildFile; fileRef = 9F53C884200897C500993BFC /* UserEventTests.m */; };
		9F53C890200897C500993BFC /* UserEventUITests.m in Sources */ = {isa = PBXBuildFile; fileRef = 9F53C88F200897C500993BFC /* UserEventUITests.m */; };
		9F53C9042008986700993BFC /* RuntimeTool.m in Sources */ = {isa = PBXBuildFile; fileRef = 9F53C8EC2008986700993BFC /* RuntimeTool.m */; };
		9F53C9052008986700993BFC /* AppDelegate+UserEvent.m in Sources */ = {isa = PBXBuildFile; fileRef = 9F53C8EF2008986700993BFC /* AppDelegate+UserEvent.m */; };
		9F53C9072008986700993BFC /* UIControl+userEvent.m in Sources */ = {isa = PBXBuildFile; fileRef = 9F53C8F32008986700993BFC /* UIControl+userEvent.m */; };
		9F53C9082008986700993BFC /* UIGestureRecognizer+UserEvent.m in Sources */ = {isa = PBXBuildFile; fileRef = 9F53C8F52008986700993BFC /* UIGestureRecognizer+UserEvent.m */; };
		9F53C90A2008986700993BFC /* UITableView+UserContent.m in Sources */ = {isa = PBXBuildFile; fileRef = 9F53C8F92008986700993BFC /* UITableView+UserContent.m */; };
		9F53C90B2008986700993BFC /* UIViewController+UserEvent.m in Sources */ = {isa = PBXBuildFile; fileRef = 9F53C8FB2008986700993BFC /* UIViewController+UserEvent.m */; };
		9F53C90C2008986700993BFC /* UserEventDataTool.m in Sources */ = {isa = PBXBuildFile; fileRef = 9F53C8FE2008986700993BFC /* UserEventDataTool.m */; };
		9F53C90D2008986700993BFC /* UserEventNetTool.m in Sources */ = {isa = PBXBuildFile; fileRef = 9F53C9002008986700993BFC /* UserEventNetTool.m */; };
		9F53C90E2008986700993BFC /* ViewControllerTool.m in Sources */ = {isa = PBXBuildFile; fileRef = 9F53C9032008986700993BFC /* ViewControllerTool.m */; };
/* End PBXBuildFile section */

/* Begin PBXContainerItemProxy section */
		9F53C881200897C500993BFC /* PBXContainerItemProxy */ = {
			isa = PBXContainerItemProxy;
			containerPortal = 9F53C85D200897C500993BFC /* Project object */;
			proxyType = 1;
			remoteGlobalIDString = 9F53C864200897C500993BFC;
			remoteInfo = UserEvent;
		};
		9F53C88C200897C500993BFC /* PBXContainerItemProxy */ = {
			isa = PBXContainerItemProxy;
			containerPortal = 9F53C85D200897C500993BFC /* Project object */;
			proxyType = 1;
			remoteGlobalIDString = 9F53C864200897C500993BFC;
			remoteInfo = UserEvent;
		};
/* End PBXContainerItemProxy section */

/* Begin PBXFileReference section */
		9F53C865200897C500993BFC /* UserEvent.app */ = {isa = PBXFileReference; explicitFileType = wrapper.application; includeInIndex = 0; path = UserEvent.app; sourceTree = BUILT_PRODUCTS_DIR; };
		9F53C868200897C500993BFC /* AppDelegate.h */ = {isa = PBXFileReference; lastKnownFileType = sourcecode.c.h; path = AppDelegate.h; sourceTree = "<group>"; };
		9F53C869200897C500993BFC /* AppDelegate.m */ = {isa = PBXFileReference; lastKnownFileType = sourcecode.c.objc; path = AppDelegate.m; sourceTree = "<group>"; };
		9F53C86B200897C500993BFC /* ViewController.h */ = {isa = PBXFileReference; lastKnownFileType = sourcecode.c.h; path = ViewController.h; sourceTree = "<group>"; };
		9F53C86C200897C500993BFC /* ViewController.m */ = {isa = PBXFileReference; lastKnownFileType = sourcecode.c.objc; path = ViewController.m; sourceTree = "<group>"; };
		9F53C86F200897C500993BFC /* Base */ = {isa = PBXFileReference; lastKnownFileType = file.storyboard; name = Base; path = Base.lproj/Main.storyboard; sourceTree = "<group>"; };
		9F53C872200897C500993BFC /* UserEvent.xcdatamodel */ = {isa = PBXFileReference; lastKnownFileType = wrapper.xcdatamodel; path = UserEvent.xcdatamodel; sourceTree = "<group>"; };
		9F53C874200897C500993BFC /* Assets.xcassets */ = {isa = PBXFileReference; lastKnownFileType = folder.assetcatalog; path = Assets.xcassets; sourceTree = "<group>"; };
		9F53C877200897C500993BFC /* Base */ = {isa = PBXFileReference; lastKnownFileType = file.storyboard; name = Base; path = Base.lproj/LaunchScreen.storyboard; sourceTree = "<group>"; };
		9F53C879200897C500993BFC /* Info.plist */ = {isa = PBXFileReference; lastKnownFileType = text.plist.xml; path = Info.plist; sourceTree = "<group>"; };
		9F53C87A200897C500993BFC /* main.m */ = {isa = PBXFileReference; lastKnownFileType = sourcecode.c.objc; path = main.m; sourceTree = "<group>"; };
		9F53C880200897C500993BFC /* UserEventTests.xctest */ = {isa = PBXFileReference; explicitFileType = wrapper.cfbundle; includeInIndex = 0; path = UserEventTests.xctest; sourceTree = BUILT_PRODUCTS_DIR; };
		9F53C884200897C500993BFC /* UserEventTests.m */ = {isa = PBXFileReference; lastKnownFileType = sourcecode.c.objc; path = UserEventTests.m; sourceTree = "<group>"; };
		9F53C886200897C500993BFC /* Info.plist */ = {isa = PBXFileReference; lastKnownFileType = text.plist.xml; path = Info.plist; sourceTree = "<group>"; };
		9F53C88B200897C500993BFC /* UserEventUITests.xctest */ = {isa = PBXFileReference; explicitFileType = wrapper.cfbundle; includeInIndex = 0; path = UserEventUITests.xctest; sourceTree = BUILT_PRODUCTS_DIR; };
		9F53C88F200897C500993BFC /* UserEventUITests.m */ = {isa = PBXFileReference; lastKnownFileType = sourcecode.c.objc; path = UserEventUITests.m; sourceTree = "<group>"; };
		9F53C891200897C500993BFC /* Info.plist */ = {isa = PBXFileReference; lastKnownFileType = text.plist.xml; path = Info.plist; sourceTree = "<group>"; };
		9F53C8EB2008986700993BFC /* RuntimeTool.h */ = {isa = PBXFileReference; fileEncoding = 4; lastKnownFileType = sourcecode.c.h; path = RuntimeTool.h; sourceTree = "<group>"; };
		9F53C8EC2008986700993BFC /* RuntimeTool.m */ = {isa = PBXFileReference; fileEncoding = 4; lastKnownFileType = sourcecode.c.objc; path = RuntimeTool.m; sourceTree = "<group>"; };
		9F53C8EE2008986700993BFC /* AppDelegate+UserEvent.h */ = {isa = PBXFileReference; fileEncoding = 4; lastKnownFileType = sourcecode.c.h; path = "AppDelegate+UserEvent.h"; sourceTree = "<group>"; };
		9F53C8EF2008986700993BFC /* AppDelegate+UserEvent.m */ = {isa = PBXFileReference; fileEncoding = 4; lastKnownFileType = sourcecode.c.objc; path = "AppDelegate+UserEvent.m"; sourceTree = "<group>"; };
		9F53C8F22008986700993BFC /* UIControl+userEvent.h */ = {isa = PBXFileReference; fileEncoding = 4; lastKnownFileType = sourcecode.c.h; path = "UIControl+userEvent.h"; sourceTree = "<group>"; };
		9F53C8F32008986700993BFC /* UIControl+userEvent.m */ = {isa = PBXFileReference; fileEncoding = 4; lastKnownFileType = sourcecode.c.objc; path = "UIControl+userEvent.m"; sourceTree = "<group>"; };
		9F53C8F42008986700993BFC /* UIGestureRecognizer+UserEvent.h */ = {isa = PBXFileReference; fileEncoding = 4; lastKnownFileType = sourcecode.c.h; path = "UIGestureRecognizer+UserEvent.h"; sourceTree = "<group>"; };
		9F53C8F52008986700993BFC /* UIGestureRecognizer+UserEvent.m */ = {isa = PBXFileReference; fileEncoding = 4; lastKnownFileType = sourcecode.c.objc; path = "UIGestureRecognizer+UserEvent.m"; sourceTree = "<group>"; };
		9F53C8F82008986700993BFC /* UITableView+UserContent.h */ = {isa = PBXFileReference; fileEncoding = 4; lastKnownFileType = sourcecode.c.h; path = "UITableView+UserContent.h"; sourceTree = "<group>"; };
		9F53C8F92008986700993BFC /* UITableView+UserContent.m */ = {isa = PBXFileReference; fileEncoding = 4; lastKnownFileType = sourcecode.c.objc; path = "UITableView+UserContent.m"; sourceTree = "<group>"; };
		9F53C8FA2008986700993BFC /* UIViewController+UserEvent.h */ = {isa = PBXFileReference; fileEncoding = 4; lastKnownFileType = sourcecode.c.h; path = "UIViewController+UserEvent.h"; sourceTree = "<group>"; };
		9F53C8FB2008986700993BFC /* UIViewController+UserEvent.m */ = {isa = PBXFileReference; fileEncoding = 4; lastKnownFileType = sourcecode.c.objc; path = "UIViewController+UserEvent.m"; sourceTree = "<group>"; };
		9F53C8FD2008986700993BFC /* UserEventDataTool.h */ = {isa = PBXFileReference; fileEncoding = 4; lastKnownFileType = sourcecode.c.h; path = UserEventDataTool.h; sourceTree = "<group>"; };
		9F53C8FE2008986700993BFC /* UserEventDataTool.m */ = {isa = PBXFileReference; fileEncoding = 4; lastKnownFileType = sourcecode.c.objc; path = UserEventDataTool.m; sourceTree = "<group>"; };
		9F53C8FF2008986700993BFC /* UserEventNetTool.h */ = {isa = PBXFileReference; fileEncoding = 4; lastKnownFileType = sourcecode.c.h; path = UserEventNetTool.h; sourceTree = "<group>"; };
		9F53C9002008986700993BFC /* UserEventNetTool.m */ = {isa = PBXFileReference; fileEncoding = 4; lastKnownFileType = sourcecode.c.objc; path = UserEventNetTool.m; sourceTree = "<group>"; };
		9F53C9022008986700993BFC /* ViewControllerTool.h */ = {isa = PBXFileReference; fileEncoding = 4; lastKnownFileType = sourcecode.c.h; path = ViewControllerTool.h; sourceTree = "<group>"; };
		9F53C9032008986700993BFC /* ViewControllerTool.m */ = {isa = PBXFileReference; fileEncoding = 4; lastKnownFileType = sourcecode.c.objc; path = ViewControllerTool.m; sourceTree = "<group>"; };
/* End PBXFileReference section */

/* Begin PBXFrameworksBuildPhase section */
		9F53C862200897C500993BFC /* Frameworks */ = {
			isa = PBXFrameworksBuildPhase;
			buildActionMask = 2147483647;
			files = (
			);
			runOnlyForDeploymentPostprocessing = 0;
		};
		9F53C87D200897C500993BFC /* Frameworks */ = {
			isa = PBXFrameworksBuildPhase;
			buildActionMask = 2147483647;
			files = (
			);
			runOnlyForDeploymentPostprocessing = 0;
		};
		9F53C888200897C500993BFC /* Frameworks */ = {
			isa = PBXFrameworksBuildPhase;
			buildActionMask = 2147483647;
			files = (
			);
			runOnlyForDeploymentPostprocessing = 0;
		};
/* End PBXFrameworksBuildPhase section */

/* Begin PBXGroup section */
		9F53C85C200897C500993BFC = {
			isa = PBXGroup;
			children = (
				9F53C867200897C500993BFC /* UserEvent */,
				9F53C883200897C500993BFC /* UserEventTests */,
				9F53C88E200897C500993BFC /* UserEventUITests */,
				9F53C866200897C500993BFC /* Products */,
			);
			sourceTree = "<group>";
		};
		9F53C866200897C500993BFC /* Products */ = {
			isa = PBXGroup;
			children = (
				9F53C865200897C500993BFC /* UserEvent.app */,
				9F53C880200897C500993BFC /* UserEventTests.xctest */,
				9F53C88B200897C500993BFC /* UserEventUITests.xctest */,
			);
			name = Products;
			sourceTree = "<group>";
		};
		9F53C867200897C500993BFC /* UserEvent */ = {
			isa = PBXGroup;
			children = (
				9F53C8E92008986700993BFC /* UserEvent */,
				9F53C868200897C500993BFC /* AppDelegate.h */,
				9F53C869200897C500993BFC /* AppDelegate.m */,
				9F53C86B200897C500993BFC /* ViewController.h */,
				9F53C86C200897C500993BFC /* ViewController.m */,
				9F53C86E200897C500993BFC /* Main.storyboard */,
				9F53C874200897C500993BFC /* Assets.xcassets */,
				9F53C876200897C500993BFC /* LaunchScreen.storyboard */,
				9F53C879200897C500993BFC /* Info.plist */,
				9F53C87A200897C500993BFC /* main.m */,
				9F53C871200897C500993BFC /* UserEvent.xcdatamodeld */,
			);
			path = UserEvent;
			sourceTree = "<group>";
		};
		9F53C883200897C500993BFC /* UserEventTests */ = {
			isa = PBXGroup;
			children = (
				9F53C884200897C500993BFC /* UserEventTests.m */,
				9F53C886200897C500993BFC /* Info.plist */,
			);
			path = UserEventTests;
			sourceTree = "<group>";
		};
		9F53C88E200897C500993BFC /* UserEventUITests */ = {
			isa = PBXGroup;
			children = (
				9F53C88F200897C500993BFC /* UserEventUITests.m */,
				9F53C891200897C500993BFC /* Info.plist */,
			);
			path = UserEventUITests;
			sourceTree = "<group>";
		};
		9F53C8E92008986700993BFC /* UserEvent */ = {
			isa = PBXGroup;
			children = (
				9F53C8EA2008986700993BFC /* RuntimeTool */,
				9F53C8ED2008986700993BFC /* UserEventExtension */,
				9F53C8FC2008986700993BFC /* UserEventTool */,
				9F53C9012008986700993BFC /* ViewControllerTool */,
			);
			path = UserEvent;
			sourceTree = "<group>";
		};
		9F53C8EA2008986700993BFC /* RuntimeTool */ = {
			isa = PBXGroup;
			children = (
				9F53C8EB2008986700993BFC /* RuntimeTool.h */,
				9F53C8EC2008986700993BFC /* RuntimeTool.m */,
			);
			path = RuntimeTool;
			sourceTree = "<group>";
		};
		9F53C8ED2008986700993BFC /* UserEventExtension */ = {
			isa = PBXGroup;
			children = (
				9F53C8EE2008986700993BFC /* AppDelegate+UserEvent.h */,
				9F53C8EF2008986700993BFC /* AppDelegate+UserEvent.m */,
				9F53C8F22008986700993BFC /* UIControl+userEvent.h */,
				9F53C8F32008986700993BFC /* UIControl+userEvent.m */,
				9F53C8F42008986700993BFC /* UIGestureRecognizer+UserEvent.h */,
				9F53C8F52008986700993BFC /* UIGestureRecognizer+UserEvent.m */,
				9F53C8F82008986700993BFC /* UITableView+UserContent.h */,
				9F53C8F92008986700993BFC /* UITableView+UserContent.m */,
				9F53C8FA2008986700993BFC /* UIViewController+UserEvent.h */,
				9F53C8FB2008986700993BFC /* UIViewController+UserEvent.m */,
			);
			path = UserEventExtension;
			sourceTree = "<group>";
		};
		9F53C8FC2008986700993BFC /* UserEventTool */ = {
			isa = PBXGroup;
			children = (
				9F53C8FD2008986700993BFC /* UserEventDataTool.h */,
				9F53C8FE2008986700993BFC /* UserEventDataTool.m */,
				9F53C8FF2008986700993BFC /* UserEventNetTool.h */,
				9F53C9002008986700993BFC /* UserEventNetTool.m */,
			);
			path = UserEventTool;
			sourceTree = "<group>";
		};
		9F53C9012008986700993BFC /* ViewControllerTool */ = {
			isa = PBXGroup;
			children = (
				9F53C9022008986700993BFC /* ViewControllerTool.h */,
				9F53C9032008986700993BFC /* ViewControllerTool.m */,
			);
			path = ViewControllerTool;
			sourceTree = "<group>";
		};
/* End PBXGroup section */

/* Begin PBXNativeTarget section */
		9F53C864200897C500993BFC /* UserEvent */ = {
			isa = PBXNativeTarget;
			buildConfigurationList = 9F53C894200897C500993BFC /* Build configuration list for PBXNativeTarget "UserEvent" */;
			buildPhases = (
				9F53C861200897C500993BFC /* Sources */,
				9F53C862200897C500993BFC /* Frameworks */,
				9F53C863200897C500993BFC /* Resources */,
			);
			buildRules = (
			);
			dependencies = (
			);
			name = UserEvent;
			productName = UserEvent;
			productReference = 9F53C865200897C500993BFC /* UserEvent.app */;
			productType = "com.apple.product-type.application";
		};
		9F53C87F200897C500993BFC /* UserEventTests */ = {
			isa = PBXNativeTarget;
			buildConfigurationList = 9F53C897200897C500993BFC /* Build configuration list for PBXNativeTarget "UserEventTests" */;
			buildPhases = (
				9F53C87C200897C500993BFC /* Sources */,
				9F53C87D200897C500993BFC /* Frameworks */,
				9F53C87E200897C500993BFC /* Resources */,
			);
			buildRules = (
			);
			dependencies = (
				9F53C882200897C500993BFC /* PBXTargetDependency */,
			);
			name = UserEventTests;
			productName = UserEventTests;
			productReference = 9F53C880200897C500993BFC /* UserEventTests.xctest */;
			productType = "com.apple.product-type.bundle.unit-test";
		};
		9F53C88A200897C500993BFC /* UserEventUITests */ = {
			isa = PBXNativeTarget;
			buildConfigurationList = 9F53C89A200897C500993BFC /* Build configuration list for PBXNativeTarget "UserEventUITests" */;
			buildPhases = (
				9F53C887200897C500993BFC /* Sources */,
				9F53C888200897C500993BFC /* Frameworks */,
				9F53C889200897C500993BFC /* Resources */,
			);
			buildRules = (
			);
			dependencies = (
				9F53C88D200897C500993BFC /* PBXTargetDependency */,
			);
			name = UserEventUITests;
			productName = UserEventUITests;
			productReference = 9F53C88B200897C500993BFC /* UserEventUITests.xctest */;
			productType = "com.apple.product-type.bundle.ui-testing";
		};
/* End PBXNativeTarget section */

/* Begin PBXProject section */
		9F53C85D200897C500993BFC /* Project object */ = {
			isa = PBXProject;
			attributes = {
				LastUpgradeCheck = 0910;
				ORGANIZATIONNAME = Motian;
				TargetAttributes = {
					9F53C864200897C500993BFC = {
						CreatedOnToolsVersion = 9.1;
						ProvisioningStyle = Automatic;
					};
					9F53C87F200897C500993BFC = {
						CreatedOnToolsVersion = 9.1;
						ProvisioningStyle = Automatic;
						TestTargetID = 9F53C864200897C500993BFC;
					};
					9F53C88A200897C500993BFC = {
						CreatedOnToolsVersion = 9.1;
						ProvisioningStyle = Automatic;
						TestTargetID = 9F53C864200897C500993BFC;
					};
				};
			};
			buildConfigurationList = 9F53C860200897C500993BFC /* Build configuration list for PBXProject "UserEvent" */;
			compatibilityVersion = "Xcode 8.0";
			developmentRegion = en;
			hasScannedForEncodings = 0;
			knownRegions = (
				en,
				Base,
			);
			mainGroup = 9F53C85C200897C500993BFC;
			productRefGroup = 9F53C866200897C500993BFC /* Products */;
			projectDirPath = "";
			projectRoot = "";
			targets = (
				9F53C864200897C500993BFC /* UserEvent */,
				9F53C87F200897C500993BFC /* UserEventTests */,
				9F53C88A200897C500993BFC /* UserEventUITests */,
			);
		};
/* End PBXProject section */

/* Begin PBXResourcesBuildPhase section */
		9F53C863200897C500993BFC /* Resources */ = {
			isa = PBXResourcesBuildPhase;
			buildActionMask = 2147483647;
			files = (
				9F53C878200897C500993BFC /* LaunchScreen.storyboard in Resources */,
				9F53C875200897C500993BFC /* Assets.xcassets in Resources */,
				9F53C870200897C500993BFC /* Main.storyboard in Resources */,
			);
			runOnlyForDeploymentPostprocessing = 0;
		};
		9F53C87E200897C500993BFC /* Resources */ = {
			isa = PBXResourcesBuildPhase;
			buildActionMask = 2147483647;
			files = (
			);
			runOnlyForDeploymentPostprocessing = 0;
		};
		9F53C889200897C500993BFC /* Resources */ = {
			isa = PBXResourcesBuildPhase;
			buildActionMask = 2147483647;
			files = (
			);
			runOnlyForDeploymentPostprocessing = 0;
		};
/* End PBXResourcesBuildPhase section */

/* Begin PBXSourcesBuildPhase section */
		9F53C861200897C500993BFC /* Sources */ = {
			isa = PBXSourcesBuildPhase;
			buildActionMask = 2147483647;
			files = (
				9F53C86D200897C500993BFC /* ViewController.m in Sources */,
				9F53C90A2008986700993BFC /* UITableView+UserContent.m in Sources */,
				9F53C90E2008986700993BFC /* ViewControllerTool.m in Sources */,
				9F53C9042008986700993BFC /* RuntimeTool.m in Sources */,
				9F53C90B2008986700993BFC /* UIViewController+UserEvent.m in Sources */,
				9F53C9082008986700993BFC /* UIGestureRecognizer+UserEvent.m in Sources */,
				9F53C9072008986700993BFC /* UIControl+userEvent.m in Sources */,
				9F53C86A200897C500993BFC /* AppDelegate.m in Sources */,
				9F53C87B200897C500993BFC /* main.m in Sources */,
				9F53C9052008986700993BFC /* AppDelegate+UserEvent.m in Sources */,
				9F53C90D2008986700993BFC /* UserEventNetTool.m in Sources */,
				9F53C90C2008986700993BFC /* UserEventDataTool.m in Sources */,
				9F53C873200897C500993BFC /* UserEvent.xcdatamodeld in Sources */,
			);
			runOnlyForDeploymentPostprocessing = 0;
		};
		9F53C87C200897C500993BFC /* Sources */ = {
			isa = PBXSourcesBuildPhase;
			buildActionMask = 2147483647;
			files = (
				9F53C885200897C500993BFC /* UserEventTests.m in Sources */,
			);
			runOnlyForDeploymentPostprocessing = 0;
		};
		9F53C887200897C500993BFC /* Sources */ = {
			isa = PBXSourcesBuildPhase;
			buildActionMask = 2147483647;
			files = (
				9F53C890200897C500993BFC /* UserEventUITests.m in Sources */,
			);
			runOnlyForDeploymentPostprocessing = 0;
		};
/* End PBXSourcesBuildPhase section */

/* Begin PBXTargetDependency section */
		9F53C882200897C500993BFC /* PBXTargetDependency */ = {
			isa = PBXTargetDependency;
			target = 9F53C864200897C500993BFC /* UserEvent */;
			targetProxy = 9F53C881200897C500993BFC /* PBXContainerItemProxy */;
		};
		9F53C88D200897C500993BFC /* PBXTargetDependency */ = {
			isa = PBXTargetDependency;
			target = 9F53C864200897C500993BFC /* UserEvent */;
			targetProxy = 9F53C88C200897C500993BFC /* PBXContainerItemProxy */;
		};
/* End PBXTargetDependency section */

/* Begin PBXVariantGroup section */
		9F53C86E200897C500993BFC /* Main.storyboard */ = {
			isa = PBXVariantGroup;
			children = (
				9F53C86F200897C500993BFC /* Base */,
			);
			name = Main.storyboard;
			sourceTree = "<group>";
		};
		9F53C876200897C500993BFC /* LaunchScreen.storyboard */ = {
			isa = PBXVariantGroup;
			children = (
				9F53C877200897C500993BFC /* Base */,
			);
			name = LaunchScreen.storyboard;
			sourceTree = "<group>";
		};
/* End PBXVariantGroup section */

/* Begin XCBuildConfiguration section */
		9F53C892200897C500993BFC /* Debug */ = {
			isa = XCBuildConfiguration;
			buildSettings = {
				ALWAYS_SEARCH_USER_PATHS = NO;
				CLANG_ANALYZER_NONNULL = YES;
				CLANG_ANALYZER_NUMBER_OBJECT_CONVERSION = YES_AGGRESSIVE;
				CLANG_CXX_LANGUAGE_STANDARD = "gnu++14";
				CLANG_CXX_LIBRARY = "libc++";
				CLANG_ENABLE_MODULES = YES;
				CLANG_ENABLE_OBJC_ARC = YES;
				CLANG_WARN_BLOCK_CAPTURE_AUTORELEASING = YES;
				CLANG_WARN_BOOL_CONVERSION = YES;
				CLANG_WARN_COMMA = YES;
				CLANG_WARN_CONSTANT_CONVERSION = YES;
				CLANG_WARN_DIRECT_OBJC_ISA_USAGE = YES_ERROR;
				CLANG_WARN_DOCUMENTATION_COMMENTS = YES;
				CLANG_WARN_EMPTY_BODY = YES;
				CLANG_WARN_ENUM_CONVERSION = YES;
				CLANG_WARN_INFINITE_RECURSION = YES;
				CLANG_WARN_INT_CONVERSION = YES;
				CLANG_WARN_NON_LITERAL_NULL_CONVERSION = YES;
				CLANG_WARN_OBJC_LITERAL_CONVERSION = YES;
				CLANG_WARN_OBJC_ROOT_CLASS = YES_ERROR;
				CLANG_WARN_RANGE_LOOP_ANALYSIS = YES;
				CLANG_WARN_STRICT_PROTOTYPES = YES;
				CLANG_WARN_SUSPICIOUS_MOVE = YES;
				CLANG_WARN_UNGUARDED_AVAILABILITY = YES_AGGRESSIVE;
				CLANG_WARN_UNREACHABLE_CODE = YES;
				CLANG_WARN__DUPLICATE_METHOD_MATCH = YES;
				CODE_SIGN_IDENTITY = "iPhone Developer";
				COPY_PHASE_STRIP = NO;
				DEBUG_INFORMATION_FORMAT = dwarf;
				ENABLE_STRICT_OBJC_MSGSEND = YES;
				ENABLE_TESTABILITY = YES;
				GCC_C_LANGUAGE_STANDARD = gnu11;
				GCC_DYNAMIC_NO_PIC = NO;
				GCC_NO_COMMON_BLOCKS = YES;
				GCC_OPTIMIZATION_LEVEL = 0;
				GCC_PREPROCESSOR_DEFINITIONS = (
					"DEBUG=1",
					"$(inherited)",
				);
				GCC_WARN_64_TO_32_BIT_CONVERSION = YES;
				GCC_WARN_ABOUT_RETURN_TYPE = YES_ERROR;
				GCC_WARN_UNDECLARED_SELECTOR = YES;
				GCC_WARN_UNINITIALIZED_AUTOS = YES_AGGRESSIVE;
				GCC_WARN_UNUSED_FUNCTION = YES;
				GCC_WARN_UNUSED_VARIABLE = YES;
				IPHONEOS_DEPLOYMENT_TARGET = 11.1;
				MTL_ENABLE_DEBUG_INFO = YES;
				ONLY_ACTIVE_ARCH = YES;
				SDKROOT = iphoneos;
			};
			name = Debug;
		};
		9F53C893200897C500993BFC /* Release */ = {
			isa = XCBuildConfiguration;
			buildSettings = {
				ALWAYS_SEARCH_USER_PATHS = NO;
				CLANG_ANALYZER_NONNULL = YES;
				CLANG_ANALYZER_NUMBER_OBJECT_CONVERSION = YES_AGGRESSIVE;
				CLANG_CXX_LANGUAGE_STANDARD = "gnu++14";
				CLANG_CXX_LIBRARY = "libc++";
				CLANG_ENABLE_MODULES = YES;
				CLANG_ENABLE_OBJC_ARC = YES;
				CLANG_WARN_BLOCK_CAPTURE_AUTORELEASING = YES;
				CLANG_WARN_BOOL_CONVERSION = YES;
				CLANG_WARN_COMMA = YES;
				CLANG_WARN_CONSTANT_CONVERSION = YES;
				CLANG_WARN_DIRECT_OBJC_ISA_USAGE = YES_ERROR;
				CLANG_WARN_DOCUMENTATION_COMMENTS = YES;
				CLANG_WARN_EMPTY_BODY = YES;
				CLANG_WARN_ENUM_CONVERSION = YES;
				CLANG_WARN_INFINITE_RECURSION = YES;
				CLANG_WARN_INT_CONVERSION = YES;
				CLANG_WARN_NON_LITERAL_NULL_CONVERSION = YES;
				CLANG_WARN_OBJC_LITERAL_CONVERSION = YES;
				CLANG_WARN_OBJC_ROOT_CLASS = YES_ERROR;
				CLANG_WARN_RANGE_LOOP_ANALYSIS = YES;
				CLANG_WARN_STRICT_PROTOTYPES = YES;
				CLANG_WARN_SUSPICIOUS_MOVE = YES;
				CLANG_WARN_UNGUARDED_AVAILABILITY = YES_AGGRESSIVE;
				CLANG_WARN_UNREACHABLE_CODE = YES;
				CLANG_WARN__DUPLICATE_METHOD_MATCH = YES;
				CODE_SIGN_IDENTITY = "iPhone Developer";
				COPY_PHASE_STRIP = NO;
				DEBUG_INFORMATION_FORMAT = "dwarf-with-dsym";
				ENABLE_NS_ASSERTIONS = NO;
				ENABLE_STRICT_OBJC_MSGSEND = YES;
				GCC_C_LANGUAGE_STANDARD = gnu11;
				GCC_NO_COMMON_BLOCKS = YES;
				GCC_WARN_64_TO_32_BIT_CONVERSION = YES;
				GCC_WARN_ABOUT_RETURN_TYPE = YES_ERROR;
				GCC_WARN_UNDECLARED_SELECTOR = YES;
				GCC_WARN_UNINITIALIZED_AUTOS = YES_AGGRESSIVE;
				GCC_WARN_UNUSED_FUNCTION = YES;
				GCC_WARN_UNUSED_VARIABLE = YES;
				IPHONEOS_DEPLOYMENT_TARGET = 11.1;
				MTL_ENABLE_DEBUG_INFO = NO;
				SDKROOT = iphoneos;
				VALIDATE_PRODUCT = YES;
			};
			name = Release;
		};
		9F53C895200897C500993BFC /* Debug */ = {
			isa = XCBuildConfiguration;
			buildSettings = {
				ASSETCATALOG_COMPILER_APPICON_NAME = AppIcon;
				CODE_SIGN_STYLE = Automatic;
				DEVELOPMENT_TEAM = YH4S42NR53;
				INFOPLIST_FILE = UserEvent/Info.plist;
				LD_RUNPATH_SEARCH_PATHS = "$(inherited) @executable_path/Frameworks";
				PRODUCT_BUNDLE_IDENTIFIER = Motian.UserEvent;
				PRODUCT_NAME = "$(TARGET_NAME)";
				TARGETED_DEVICE_FAMILY = "1,2";
			};
			name = Debug;
		};
		9F53C896200897C500993BFC /* Release */ = {
			isa = XCBuildConfiguration;
			buildSettings = {
				ASSETCATALOG_COMPILER_APPICON_NAME = AppIcon;
				CODE_SIGN_STYLE = Automatic;
				DEVELOPMENT_TEAM = YH4S42NR53;
				INFOPLIST_FILE = UserEvent/Info.plist;
				LD_RUNPATH_SEARCH_PATHS = "$(inherited) @executable_path/Frameworks";
				PRODUCT_BUNDLE_IDENTIFIER = Motian.UserEvent;
				PRODUCT_NAME = "$(TARGET_NAME)";
				TARGETED_DEVICE_FAMILY = "1,2";
			};
			name = Release;
		};
		9F53C898200897C500993BFC /* Debug */ = {
			isa = XCBuildConfiguration;
			buildSettings = {
				BUNDLE_LOADER = "$(TEST_HOST)";
				CODE_SIGN_STYLE = Automatic;
				DEVELOPMENT_TEAM = YH4S42NR53;
				INFOPLIST_FILE = UserEventTests/Info.plist;
				LD_RUNPATH_SEARCH_PATHS = "$(inherited) @executable_path/Frameworks @loader_path/Frameworks";
				PRODUCT_BUNDLE_IDENTIFIER = Motian.UserEventTests;
				PRODUCT_NAME = "$(TARGET_NAME)";
				TARGETED_DEVICE_FAMILY = "1,2";
				TEST_HOST = "$(BUILT_PRODUCTS_DIR)/UserEvent.app/UserEvent";
			};
			name = Debug;
		};
		9F53C899200897C500993BFC /* Release */ = {
			isa = XCBuildConfiguration;
			buildSettings = {
				BUNDLE_LOADER = "$(TEST_HOST)";
				CODE_SIGN_STYLE = Automatic;
				DEVELOPMENT_TEAM = YH4S42NR53;
				INFOPLIST_FILE = UserEventTests/Info.plist;
				LD_RUNPATH_SEARCH_PATHS = "$(inherited) @executable_path/Frameworks @loader_path/Frameworks";
				PRODUCT_BUNDLE_IDENTIFIER = Motian.UserEventTests;
				PRODUCT_NAME = "$(TARGET_NAME)";
				TARGETED_DEVICE_FAMILY = "1,2";
				TEST_HOST = "$(BUILT_PRODUCTS_DIR)/UserEvent.app/UserEvent";
			};
			name = Release;
		};
		9F53C89B200897C500993BFC /* Debug */ = {
			isa = XCBuildConfiguration;
			buildSettings = {
				CODE_SIGN_STYLE = Automatic;
				DEVELOPMENT_TEAM = YH4S42NR53;
				INFOPLIST_FILE = UserEventUITests/Info.plist;
				LD_RUNPATH_SEARCH_PATHS = "$(inherited) @executable_path/Frameworks @loader_path/Frameworks";
				PRODUCT_BUNDLE_IDENTIFIER = Motian.UserEventUITests;
				PRODUCT_NAME = "$(TARGET_NAME)";
				TARGETED_DEVICE_FAMILY = "1,2";
				TEST_TARGET_NAME = UserEvent;
			};
			name = Debug;
		};
		9F53C89C200897C500993BFC /* Release */ = {
			isa = XCBuildConfiguration;
			buildSettings = {
				CODE_SIGN_STYLE = Automatic;
				DEVELOPMENT_TEAM = YH4S42NR53;
				INFOPLIST_FILE = UserEventUITests/Info.plist;
				LD_RUNPATH_SEARCH_PATHS = "$(inherited) @executable_path/Frameworks @loader_path/Frameworks";
				PRODUCT_BUNDLE_IDENTIFIER = Motian.UserEventUITests;
				PRODUCT_NAME = "$(TARGET_NAME)";
				TARGETED_DEVICE_FAMILY = "1,2";
				TEST_TARGET_NAME = UserEvent;
			};
			name = Release;
		};
/* End XCBuildConfiguration section */

/* Begin XCConfigurationList section */
		9F53C860200897C500993BFC /* Build configuration list for PBXProject "UserEvent" */ = {
			isa = XCConfigurationList;
			buildConfigurations = (
				9F53C892200897C500993BFC /* Debug */,
				9F53C893200897C500993BFC /* Release */,
			);
			defaultConfigurationIsVisible = 0;
			defaultConfigurationName = Release;
		};
		9F53C894200897C500993BFC /* Build configuration list for PBXNativeTarget "UserEvent" */ = {
			isa = XCConfigurationList;
			buildConfigurations = (
				9F53C895200897C500993BFC /* Debug */,
				9F53C896200897C500993BFC /* Release */,
			);
			defaultConfigurationIsVisible = 0;
			defaultConfigurationName = Release;
		};
		9F53C897200897C500993BFC /* Build configuration list for PBXNativeTarget "UserEventTests" */ = {
			isa = XCConfigurationList;
			buildConfigurations = (
				9F53C898200897C500993BFC /* Debug */,
				9F53C899200897C500993BFC /* Release */,
			);
			defaultConfigurationIsVisible = 0;
			defaultConfigurationName = Release;
		};
		9F53C89A200897C500993BFC /* Build configuration list for PBXNativeTarget "UserEventUITests" */ = {
			isa = XCConfigurationList;
			buildConfigurations = (
				9F53C89B200897C500993BFC /* Debug */,
				9F53C89C200897C500993BFC /* Release */,
			);
			defaultConfigurationIsVisible = 0;
			defaultConfigurationName = Release;
		};
/* End XCConfigurationList section */

/* Begin XCVersionGroup section */
		9F53C871200897C500993BFC /* UserEvent.xcdatamodeld */ = {
			isa = XCVersionGroup;
			children = (
				9F53C872200897C500993BFC /* UserEvent.xcdatamodel */,
			);
			currentVersion = 9F53C872200897C500993BFC /* UserEvent.xcdatamodel */;
			path = UserEvent.xcdatamodeld;
			sourceTree = "<group>";
			versionGroupType = wrapper.xcdatamodel;
		};
/* End XCVersionGroup section */
	};
	rootObject = 9F53C85D200897C500993BFC /* Project object */;
}
